
Microsoft Visual Studio Solution File, Format Version 12.00
# Visual Studio Version 16
VisualStudioVersion = 16.0.28803.202
MinimumVisualStudioVersion = 10.0.40219.1
Project("{FAE04EC0-301F-11D3-BF4B-00C04F79EFBC}") = "hw_4", "hw_4\hw_4.csproj", "{C664364B-B278-4D02-A430-17293576B2C8}"
EndProject
Global
	GlobalSection(SolutionConfigurationPlatforms) = preSolution
		Debug|Any CPU = Debug|Any CPU
		Release|Any CPU = Release|Any CPU
	EndGlobalSection
	GlobalSection(ProjectConfigurationPlatforms) = postSolution
		{C664364B-B278-4D02-A430-17293576B2C8}.Debug|Any CPU.ActiveCfg = Debug|Any CPU
		{C664364B-B278-4D02-A430-17293576B2C8}.Debug|Any CPU.Build.0 = Debug|Any CPU
		{C664364B-B278-4D02-A430-17293576B2C8}.Release|Any CPU.ActiveCfg = Release|Any CPU
		{C664364B-B278-4D02-A430-17293576B2C8}.Release|Any CPU.Build.0 = Release|Any CPU
	EndGlobalSection
	GlobalSection(SolutionProperties) = preSolution
		HideSolutionNode = FALSE
	EndGlobalSection
	GlobalSection(ExtensibilityGlobals) = postSolution
		SolutionGuid = {709A7C27-4FC9-4625-B9E2-404B492B7290}
	EndGlobalSection
EndGlobal
